
Microsoft Visual Studio Solution File, Format Version 12.00
# Visual Studio Version 17
VisualStudioVersion = 17.2.32526.322
MinimumVisualStudioVersion = 10.0.40219.1
Project("{FAE04EC0-301F-11D3-BF4B-00C04F79EFBC}") = "Zadanie4_BindingXML", "Zadanie4_BindingXML\Zadanie4_BindingXML.csproj", "{A3F4FE65-00BB-4A0F-A2C7-BA2F4D4E3CB7}"
EndProject
Global
	GlobalSection(SolutionConfigurationPlatforms) = preSolution
		Debug|Any CPU = Debug|Any CPU
		Release|Any CPU = Release|Any CPU
	EndGlobalSection
	GlobalSection(ProjectConfigurationPlatforms) = postSolution
		{A3F4FE65-00BB-4A0F-A2C7-BA2F4D4E3CB7}.Debug|Any CPU.ActiveCfg = Debug|Any CPU
		{A3F4FE65-00BB-4A0F-A2C7-BA2F4D4E3CB7}.Debug|Any CPU.Build.0 = Debug|Any CPU
		{A3F4FE65-00BB-4A0F-A2C7-BA2F4D4E3CB7}.Release|Any CPU.ActiveCfg = Release|Any CPU
		{A3F4FE65-00BB-4A0F-A2C7-BA2F4D4E3CB7}.Release|Any CPU.Build.0 = Release|Any CPU
	EndGlobalSection
	GlobalSection(SolutionProperties) = preSolution
		HideSolutionNode = FALSE
	EndGlobalSection
	GlobalSection(ExtensibilityGlobals) = postSolution
		SolutionGuid = {B1C7E052-7037-4EA6-9360-0D0DF7C2BC5A}
	EndGlobalSection
EndGlobal
